
Microsoft Visual Studio Solution File, Format Version 12.00
# Visual Studio Version 17
VisualStudioVersion = 17.5.33627.172
MinimumVisualStudioVersion = 10.0.40219.1
Project("{9A19103F-16F7-4668-BE54-9A1E7A4F7556}") = "UsuariosApp.API", "UsuariosApp.API\UsuariosApp.API.csproj", "{1D48A9D1-6C3C-4405-B60E-246B866A7725}"
EndProject
Project("{2150E333-8FDC-42A3-9474-1A3956D46DE8}") = "API", "API", "{21D738BC-29ED-4004-87BB-653A19F13232}"
EndProject
Project("{2150E333-8FDC-42A3-9474-1A3956D46DE8}") = "DDD", "DDD", "{CC2BF7F9-12E9-4E66-A860-CE853F012B8D}"
EndProject
Project("{2150E333-8FDC-42A3-9474-1A3956D46DE8}") = "TDD", "TDD", "{A2F58A06-6334-4796-8CF2-D8EEEE2ED8C0}"
EndProject
Project("{2150E333-8FDC-42A3-9474-1A3956D46DE8}") = "Application", "Application", "{66E17677-D4D8-47D9-888F-B14DB9A4737C}"
EndProject
Project("{2150E333-8FDC-42A3-9474-1A3956D46DE8}") = "Domain", "Domain", "{75F4FC8A-6BB6-4B22-9E46-9198472ABE21}"
EndProject
Project("{2150E333-8FDC-42A3-9474-1A3956D46DE8}") = "Infrastructure", "Infrastructure", "{03E240AC-96DD-4861-9594-2564C9F15F74}"
EndProject
Project("{9A19103F-16F7-4668-BE54-9A1E7A4F7556}") = "UsuariosApp.Application", "UsuariosApp.Application\UsuariosApp.Application.csproj", "{350B1C01-65EE-4BB1-9F4B-1A455C212E83}"
EndProject
Project("{9A19103F-16F7-4668-BE54-9A1E7A4F7556}") = "UsuariosApp.Domain", "UsuariosApp.Domain\UsuariosApp.Domain.csproj", "{EE8A6DF1-8C21-4BA4-A67A-10E1D982B225}"
EndProject
Project("{9A19103F-16F7-4668-BE54-9A1E7A4F7556}") = "UsuariosApp.Infra.Data", "UsuariosApp.Infra.Data\UsuariosApp.Infra.Data.csproj", "{957FBBB7-1072-4427-9771-4D2A2B8F4A63}"
EndProject
Project("{9A19103F-16F7-4668-BE54-9A1E7A4F7556}") = "UsuariosApp.Tests", "UsuariosApp.Tests\UsuariosApp.Tests.csproj", "{E2E24FDE-1726-4466-86DF-5B86B156C922}"
EndProject
Project("{FAE04EC0-301F-11D3-BF4B-00C04F79EFBC}") = "UsuariosApp.Infra.Messages", "UsuariosApp.Infra.Messages\UsuariosApp.Infra.Messages.csproj", "{359564BF-43DE-42B0-B213-2F019C4408F3}"
EndProject
Global
	GlobalSection(SolutionConfigurationPlatforms) = preSolution
		Debug|Any CPU = Debug|Any CPU
		Release|Any CPU = Release|Any CPU
	EndGlobalSection
	GlobalSection(ProjectConfigurationPlatforms) = postSolution
		{1D48A9D1-6C3C-4405-B60E-246B866A7725}.Debug|Any CPU.ActiveCfg = Debug|Any CPU
		{1D48A9D1-6C3C-4405-B60E-246B866A7725}.Debug|Any CPU.Build.0 = Debug|Any CPU
		{1D48A9D1-6C3C-4405-B60E-246B866A7725}.Release|Any CPU.ActiveCfg = Release|Any CPU
		{1D48A9D1-6C3C-4405-B60E-246B866A7725}.Release|Any CPU.Build.0 = Release|Any CPU
		{350B1C01-65EE-4BB1-9F4B-1A455C212E83}.Debug|Any CPU.ActiveCfg = Debug|Any CPU
		{350B1C01-65EE-4BB1-9F4B-1A455C212E83}.Debug|Any CPU.Build.0 = Debug|Any CPU
		{350B1C01-65EE-4BB1-9F4B-1A455C212E83}.Release|Any CPU.ActiveCfg = Release|Any CPU
		{350B1C01-65EE-4BB1-9F4B-1A455C212E83}.Release|Any CPU.Build.0 = Release|Any CPU
		{EE8A6DF1-8C21-4BA4-A67A-10E1D982B225}.Debug|Any CPU.ActiveCfg = Debug|Any CPU
		{EE8A6DF1-8C21-4BA4-A67A-10E1D982B225}.Debug|Any CPU.Build.0 = Debug|Any CPU
		{EE8A6DF1-8C21-4BA4-A67A-10E1D982B225}.Release|Any CPU.ActiveCfg = Release|Any CPU
		{EE8A6DF1-8C21-4BA4-A67A-10E1D982B225}.Release|Any CPU.Build.0 = Release|Any CPU
		{957FBBB7-1072-4427-9771-4D2A2B8F4A63}.Debug|Any CPU.ActiveCfg = Debug|Any CPU
		{957FBBB7-1072-4427-9771-4D2A2B8F4A63}.Debug|Any CPU.Build.0 = Debug|Any CPU
		{957FBBB7-1072-4427-9771-4D2A2B8F4A63}.Release|Any CPU.ActiveCfg = Release|Any CPU
		{957FBBB7-1072-4427-9771-4D2A2B8F4A63}.Release|Any CPU.Build.0 = Release|Any CPU
		{E2E24FDE-1726-4466-86DF-5B86B156C922}.Debug|Any CPU.ActiveCfg = Debug|Any CPU
		{E2E24FDE-1726-4466-86DF-5B86B156C922}.Debug|Any CPU.Build.0 = Debug|Any CPU
		{E2E24FDE-1726-4466-86DF-5B86B156C922}.Release|Any CPU.ActiveCfg = Release|Any CPU
		{E2E24FDE-1726-4466-86DF-5B86B156C922}.Release|Any CPU.Build.0 = Release|Any CPU
		{359564BF-43DE-42B0-B213-2F019C4408F3}.Debug|Any CPU.ActiveCfg = Debug|Any CPU
		{359564BF-43DE-42B0-B213-2F019C4408F3}.Debug|Any CPU.Build.0 = Debug|Any CPU
		{359564BF-43DE-42B0-B213-2F019C4408F3}.Release|Any CPU.ActiveCfg = Release|Any CPU
		{359564BF-43DE-42B0-B213-2F019C4408F3}.Release|Any CPU.Build.0 = Release|Any CPU
	EndGlobalSection
	GlobalSection(SolutionProperties) = preSolution
		HideSolutionNode = FALSE
	EndGlobalSection
	GlobalSection(NestedProjects) = preSolution
		{1D48A9D1-6C3C-4405-B60E-246B866A7725} = {21D738BC-29ED-4004-87BB-653A19F13232}
		{66E17677-D4D8-47D9-888F-B14DB9A4737C} = {CC2BF7F9-12E9-4E66-A860-CE853F012B8D}
		{75F4FC8A-6BB6-4B22-9E46-9198472ABE21} = {CC2BF7F9-12E9-4E66-A860-CE853F012B8D}
		{03E240AC-96DD-4861-9594-2564C9F15F74} = {CC2BF7F9-12E9-4E66-A860-CE853F012B8D}
		{350B1C01-65EE-4BB1-9F4B-1A455C212E83} = {66E17677-D4D8-47D9-888F-B14DB9A4737C}
		{EE8A6DF1-8C21-4BA4-A67A-10E1D982B225} = {75F4FC8A-6BB6-4B22-9E46-9198472ABE21}
		{957FBBB7-1072-4427-9771-4D2A2B8F4A63} = {03E240AC-96DD-4861-9594-2564C9F15F74}
		{E2E24FDE-1726-4466-86DF-5B86B156C922} = {A2F58A06-6334-4796-8CF2-D8EEEE2ED8C0}
		{359564BF-43DE-42B0-B213-2F019C4408F3} = {03E240AC-96DD-4861-9594-2564C9F15F74}
	EndGlobalSection
	GlobalSection(ExtensibilityGlobals) = postSolution
		SolutionGuid = {CF91E582-C9D8-485A-8309-54D28B3B19D0}
	EndGlobalSection
EndGlobal
