
Microsoft Visual Studio Solution File, Format Version 12.00
# Visual Studio Version 17
VisualStudioVersion = 17.5.33627.172
MinimumVisualStudioVersion = 10.0.40219.1
Project("{FAE04EC0-301F-11D3-BF4B-00C04F79EFBC}") = "UsuariosApp.API", "UsuariosApp.API\UsuariosApp.API.csproj", "{1D48A9D1-6C3C-4405-B60E-246B866A7725}"
EndProject
Global
	GlobalSection(SolutionConfigurationPlatforms) = preSolution
		Debug|Any CPU = Debug|Any CPU
		Release|Any CPU = Release|Any CPU
	EndGlobalSection
	GlobalSection(ProjectConfigurationPlatforms) = postSolution
		{1D48A9D1-6C3C-4405-B60E-246B866A7725}.Debug|Any CPU.ActiveCfg = Debug|Any CPU
		{1D48A9D1-6C3C-4405-B60E-246B866A7725}.Debug|Any CPU.Build.0 = Debug|Any CPU
		{1D48A9D1-6C3C-4405-B60E-246B866A7725}.Release|Any CPU.ActiveCfg = Release|Any CPU
		{1D48A9D1-6C3C-4405-B60E-246B866A7725}.Release|Any CPU.Build.0 = Release|Any CPU
	EndGlobalSection
	GlobalSection(SolutionProperties) = preSolution
		HideSolutionNode = FALSE
	EndGlobalSection
	GlobalSection(ExtensibilityGlobals) = postSolution
		SolutionGuid = {CF91E582-C9D8-485A-8309-54D28B3B19D0}
	EndGlobalSection
EndGlobal
